// !$*UTF8*$!
{
	archiveVersion = 1;
	classes = {
	};
	objectVersion = 50;
	objects = {

/* Begin PBXBuildFile section */
		BA258AAC24A61027007A9CFA /* stack.cpp in Sources */ = {isa = PBXBuildFile; fileRef = BA258AAB24A61027007A9CFA /* stack.cpp */; };
		BA258AB724A6103F007A9CFA /* queue.cpp in Sources */ = {isa = PBXBuildFile; fileRef = BA258AB624A6103F007A9CFA /* queue.cpp */; };
		BA258AD224A61180007A9CFA /* set.cpp in Sources */ = {isa = PBXBuildFile; fileRef = BA258AD124A61180007A9CFA /* set.cpp */; };
		BA258AD424A6118E007A9CFA /* tree.cpp in Sources */ = {isa = PBXBuildFile; fileRef = BA258AD324A6118E007A9CFA /* tree.cpp */; };
		BA5270AB24A7461F00E23535 /* main.cpp in Sources */ = {isa = PBXBuildFile; fileRef = BA5270AA24A7461F00E23535 /* main.cpp */; };
		BA5270B124A7464900E23535 /* data_type.cpp in Sources */ = {isa = PBXBuildFile; fileRef = BA5270AF24A7464900E23535 /* data_type.cpp */; };
		BA5270B424A75B8A00E23535 /* func.cpp in Sources */ = {isa = PBXBuildFile; fileRef = BA5270B224A75B8A00E23535 /* func.cpp */; };
		BA5270B724A7754600E23535 /* time.cpp in Sources */ = {isa = PBXBuildFile; fileRef = BA5270B524A7754600E23535 /* time.cpp */; };
/* End PBXBuildFile section */

/* Begin PBXCopyFilesBuildPhase section */
		BA258AA724A61027007A9CFA /* CopyFiles */ = {
			isa = PBXCopyFilesBuildPhase;
			buildActionMask = 2147483647;
			dstPath = /usr/share/man/man1/;
			dstSubfolderSpec = 0;
			files = (
			);
			runOnlyForDeploymentPostprocessing = 1;
		};
		BA258AB224A6103F007A9CFA /* CopyFiles */ = {
			isa = PBXCopyFilesBuildPhase;
			buildActionMask = 2147483647;
			dstPath = /usr/share/man/man1/;
			dstSubfolderSpec = 0;
			files = (
			);
			runOnlyForDeploymentPostprocessing = 1;
		};
		BA258ABD24A61047007A9CFA /* CopyFiles */ = {
			isa = PBXCopyFilesBuildPhase;
			buildActionMask = 2147483647;
			dstPath = /usr/share/man/man1/;
			dstSubfolderSpec = 0;
			files = (
			);
			runOnlyForDeploymentPostprocessing = 1;
		};
		BA258AC824A61052007A9CFA /* CopyFiles */ = {
			isa = PBXCopyFilesBuildPhase;
			buildActionMask = 2147483647;
			dstPath = /usr/share/man/man1/;
			dstSubfolderSpec = 0;
			files = (
			);
			runOnlyForDeploymentPostprocessing = 1;
		};
		BA5270A624A7461F00E23535 /* CopyFiles */ = {
			isa = PBXCopyFilesBuildPhase;
			buildActionMask = 2147483647;
			dstPath = /usr/share/man/man1/;
			dstSubfolderSpec = 0;
			files = (
			);
			runOnlyForDeploymentPostprocessing = 1;
		};
/* End PBXCopyFilesBuildPhase section */

/* Begin PBXFileReference section */
		BA258AA924A61027007A9CFA /* week1.1 */ = {isa = PBXFileReference; explicitFileType = "compiled.mach-o.executable"; includeInIndex = 0; path = week1.1; sourceTree = BUILT_PRODUCTS_DIR; };
		BA258AAB24A61027007A9CFA /* stack.cpp */ = {isa = PBXFileReference; lastKnownFileType = sourcecode.cpp.cpp; path = stack.cpp; sourceTree = "<group>"; };
		BA258AB424A6103F007A9CFA /* week1.2 */ = {isa = PBXFileReference; explicitFileType = "compiled.mach-o.executable"; includeInIndex = 0; path = week1.2; sourceTree = BUILT_PRODUCTS_DIR; };
		BA258AB624A6103F007A9CFA /* queue.cpp */ = {isa = PBXFileReference; lastKnownFileType = sourcecode.cpp.cpp; path = queue.cpp; sourceTree = "<group>"; };
		BA258ABF24A61047007A9CFA /* week1.3 */ = {isa = PBXFileReference; explicitFileType = "compiled.mach-o.executable"; includeInIndex = 0; path = week1.3; sourceTree = BUILT_PRODUCTS_DIR; };
		BA258ACA24A61052007A9CFA /* week1.4数字盒子 */ = {isa = PBXFileReference; explicitFileType = "compiled.mach-o.executable"; includeInIndex = 0; path = "week1.4数字盒子"; sourceTree = BUILT_PRODUCTS_DIR; };
		BA258AD124A61180007A9CFA /* set.cpp */ = {isa = PBXFileReference; fileEncoding = 4; lastKnownFileType = sourcecode.cpp.cpp; name = set.cpp; path = "week1.4数字盒子/set.cpp"; sourceTree = SOURCE_ROOT; };
		BA258AD324A6118E007A9CFA /* tree.cpp */ = {isa = PBXFileReference; fileEncoding = 4; lastKnownFileType = sourcecode.cpp.cpp; path = tree.cpp; sourceTree = "<group>"; };
		BA5270A824A7461F00E23535 /* test */ = {isa = PBXFileReference; explicitFileType = "compiled.mach-o.executable"; includeInIndex = 0; path = test; sourceTree = BUILT_PRODUCTS_DIR; };
		BA5270AA24A7461F00E23535 /* main.cpp */ = {isa = PBXFileReference; lastKnownFileType = sourcecode.cpp.cpp; path = main.cpp; sourceTree = "<group>"; };
		BA5270AF24A7464900E23535 /* data_type.cpp */ = {isa = PBXFileReference; lastKnownFileType = sourcecode.cpp.cpp; path = data_type.cpp; sourceTree = "<group>"; };
		BA5270B024A7464900E23535 /* data_type.hpp */ = {isa = PBXFileReference; lastKnownFileType = sourcecode.cpp.h; path = data_type.hpp; sourceTree = "<group>"; };
		BA5270B224A75B8A00E23535 /* func.cpp */ = {isa = PBXFileReference; lastKnownFileType = sourcecode.cpp.cpp; path = func.cpp; sourceTree = "<group>"; };
		BA5270B324A75B8A00E23535 /* func.hpp */ = {isa = PBXFileReference; lastKnownFileType = sourcecode.cpp.h; path = func.hpp; sourceTree = "<group>"; };
		BA5270B524A7754600E23535 /* time.cpp */ = {isa = PBXFileReference; lastKnownFileType = sourcecode.cpp.cpp; path = time.cpp; sourceTree = "<group>"; };
		BA5270B624A7754600E23535 /* time.hpp */ = {isa = PBXFileReference; lastKnownFileType = sourcecode.cpp.h; path = time.hpp; sourceTree = "<group>"; };
/* End PBXFileReference section */

/* Begin PBXFrameworksBuildPhase section */
		BA258AA624A61027007A9CFA /* Frameworks */ = {
			isa = PBXFrameworksBuildPhase;
			buildActionMask = 2147483647;
			files = (
			);
			runOnlyForDeploymentPostprocessing = 0;
		};
		BA258AB124A6103F007A9CFA /* Frameworks */ = {
			isa = PBXFrameworksBuildPhase;
			buildActionMask = 2147483647;
			files = (
			);
			runOnlyForDeploymentPostprocessing = 0;
		};
		BA258ABC24A61047007A9CFA /* Frameworks */ = {
			isa = PBXFrameworksBuildPhase;
			buildActionMask = 2147483647;
			files = (
			);
			runOnlyForDeploymentPostprocessing = 0;
		};
		BA258AC724A61052007A9CFA /* Frameworks */ = {
			isa = PBXFrameworksBuildPhase;
			buildActionMask = 2147483647;
			files = (
			);
			runOnlyForDeploymentPostprocessing = 0;
		};
		BA5270A524A7461F00E23535 /* Frameworks */ = {
			isa = PBXFrameworksBuildPhase;
			buildActionMask = 2147483647;
			files = (
			);
			runOnlyForDeploymentPostprocessing = 0;
		};
/* End PBXFrameworksBuildPhase section */

/* Begin PBXGroup section */
		BA258A7C24A60F8A007A9CFA = {
			isa = PBXGroup;
			children = (
				BA258A8624A60F8A007A9CFA /* Products */,
				BA5270A924A7461F00E23535 /* test */,
				BA258AAA24A61027007A9CFA /* week1.1 */,
				BA258AB524A6103F007A9CFA /* week1.2 */,
				BA258AC024A61047007A9CFA /* week1.3 */,
				BA258ACB24A61052007A9CFA /* week1.4数字盒子 */,
			);
			sourceTree = "<group>";
		};
		BA258A8624A60F8A007A9CFA /* Products */ = {
			isa = PBXGroup;
			children = (
				BA258AA924A61027007A9CFA /* week1.1 */,
				BA258AB424A6103F007A9CFA /* week1.2 */,
				BA258ABF24A61047007A9CFA /* week1.3 */,
				BA258ACA24A61052007A9CFA /* week1.4数字盒子 */,
				BA5270A824A7461F00E23535 /* test */,
			);
			name = Products;
			sourceTree = "<group>";
		};
		BA258AAA24A61027007A9CFA /* week1.1 */ = {
			isa = PBXGroup;
			children = (
				BA258AAB24A61027007A9CFA /* stack.cpp */,
			);
			path = week1.1;
			sourceTree = "<group>";
		};
		BA258AB524A6103F007A9CFA /* week1.2 */ = {
			isa = PBXGroup;
			children = (
				BA258AB624A6103F007A9CFA /* queue.cpp */,
			);
			path = week1.2;
			sourceTree = "<group>";
		};
		BA258AC024A61047007A9CFA /* week1.3 */ = {
			isa = PBXGroup;
			children = (
				BA258AD324A6118E007A9CFA /* tree.cpp */,
			);
			path = week1.3;
			sourceTree = "<group>";
		};
		BA258ACB24A61052007A9CFA /* week1.4数字盒子 */ = {
			isa = PBXGroup;
			children = (
				BA258AD124A61180007A9CFA /* set.cpp */,
			);
			path = "week1.4数字盒子";
			sourceTree = "<group>";
		};
		BA5270A924A7461F00E23535 /* test */ = {
			isa = PBXGroup;
			children = (
				BA5270AA24A7461F00E23535 /* main.cpp */,
				BA5270AF24A7464900E23535 /* data_type.cpp */,
				BA5270B224A75B8A00E23535 /* func.cpp */,
				BA5270B524A7754600E23535 /* time.cpp */,
				BA5270B624A7754600E23535 /* time.hpp */,
				BA5270B324A75B8A00E23535 /* func.hpp */,
				BA5270B024A7464900E23535 /* data_type.hpp */,
			);
			path = test;
			sourceTree = "<group>";
		};
/* End PBXGroup section */

/* Begin PBXNativeTarget section */
		BA258AA824A61027007A9CFA /* week1.1 */ = {
			isa = PBXNativeTarget;
			buildConfigurationList = BA258AAD24A61027007A9CFA /* Build configuration list for PBXNativeTarget "week1.1" */;
			buildPhases = (
				BA258AA524A61027007A9CFA /* Sources */,
				BA258AA624A61027007A9CFA /* Frameworks */,
				BA258AA724A61027007A9CFA /* CopyFiles */,
			);
			buildRules = (
			);
			dependencies = (
			);
			name = week1.1;
			productName = week1.1;
			productReference = BA258AA924A61027007A9CFA /* week1.1 */;
			productType = "com.apple.product-type.tool";
		};
		BA258AB324A6103F007A9CFA /* week1.2 */ = {
			isa = PBXNativeTarget;
			buildConfigurationList = BA258AB824A6103F007A9CFA /* Build configuration list for PBXNativeTarget "week1.2" */;
			buildPhases = (
				BA258AB024A6103F007A9CFA /* Sources */,
				BA258AB124A6103F007A9CFA /* Frameworks */,
				BA258AB224A6103F007A9CFA /* CopyFiles */,
			);
			buildRules = (
			);
			dependencies = (
			);
			name = week1.2;
			productName = week1.2;
			productReference = BA258AB424A6103F007A9CFA /* week1.2 */;
			productType = "com.apple.product-type.tool";
		};
		BA258ABE24A61047007A9CFA /* week1.3 */ = {
			isa = PBXNativeTarget;
			buildConfigurationList = BA258AC324A61047007A9CFA /* Build configuration list for PBXNativeTarget "week1.3" */;
			buildPhases = (
				BA258ABB24A61047007A9CFA /* Sources */,
				BA258ABC24A61047007A9CFA /* Frameworks */,
				BA258ABD24A61047007A9CFA /* CopyFiles */,
			);
			buildRules = (
			);
			dependencies = (
			);
			name = week1.3;
			productName = week1.3;
			productReference = BA258ABF24A61047007A9CFA /* week1.3 */;
			productType = "com.apple.product-type.tool";
		};
		BA258AC924A61052007A9CFA /* week1.4数字盒子 */ = {
			isa = PBXNativeTarget;
			buildConfigurationList = BA258ACE24A61052007A9CFA /* Build configuration list for PBXNativeTarget "week1.4数字盒子" */;
			buildPhases = (
				BA258AC624A61052007A9CFA /* Sources */,
				BA258AC724A61052007A9CFA /* Frameworks */,
				BA258AC824A61052007A9CFA /* CopyFiles */,
			);
			buildRules = (
			);
			dependencies = (
			);
			name = "week1.4数字盒子";
			productName = week1.4;
			productReference = BA258ACA24A61052007A9CFA /* week1.4数字盒子 */;
			productType = "com.apple.product-type.tool";
		};
		BA5270A724A7461F00E23535 /* test */ = {
			isa = PBXNativeTarget;
			buildConfigurationList = BA5270AE24A7461F00E23535 /* Build configuration list for PBXNativeTarget "test" */;
			buildPhases = (
				BA5270A424A7461F00E23535 /* Sources */,
				BA5270A524A7461F00E23535 /* Frameworks */,
				BA5270A624A7461F00E23535 /* CopyFiles */,
			);
			buildRules = (
			);
			dependencies = (
			);
			name = test;
			productName = test;
			productReference = BA5270A824A7461F00E23535 /* test */;
			productType = "com.apple.product-type.tool";
		};
/* End PBXNativeTarget section */

/* Begin PBXProject section */
		BA258A7D24A60F8A007A9CFA /* Project object */ = {
			isa = PBXProject;
			attributes = {
				LastUpgradeCheck = 1150;
				ORGANIZATIONNAME = Henry;
				TargetAttributes = {
					BA258AA824A61027007A9CFA = {
						CreatedOnToolsVersion = 11.5;
					};
					BA258AB324A6103F007A9CFA = {
						CreatedOnToolsVersion = 11.5;
					};
					BA258ABE24A61047007A9CFA = {
						CreatedOnToolsVersion = 11.5;
					};
					BA258AC924A61052007A9CFA = {
						CreatedOnToolsVersion = 11.5;
					};
					BA5270A724A7461F00E23535 = {
						CreatedOnToolsVersion = 11.5;
					};
				};
			};
			buildConfigurationList = BA258A8024A60F8A007A9CFA /* Build configuration list for PBXProject "weeks" */;
			compatibilityVersion = "Xcode 9.3";
			developmentRegion = en;
			hasScannedForEncodings = 0;
			knownRegions = (
				en,
				Base,
			);
			mainGroup = BA258A7C24A60F8A007A9CFA;
			productRefGroup = BA258A8624A60F8A007A9CFA /* Products */;
			projectDirPath = "";
			projectRoot = "";
			targets = (
				BA258AA824A61027007A9CFA /* week1.1 */,
				BA258AB324A6103F007A9CFA /* week1.2 */,
				BA258ABE24A61047007A9CFA /* week1.3 */,
				BA258AC924A61052007A9CFA /* week1.4数字盒子 */,
				BA5270A724A7461F00E23535 /* test */,
			);
		};
/* End PBXProject section */

/* Begin PBXSourcesBuildPhase section */
		BA258AA524A61027007A9CFA /* Sources */ = {
			isa = PBXSourcesBuildPhase;
			buildActionMask = 2147483647;
			files = (
				BA258AAC24A61027007A9CFA /* stack.cpp in Sources */,
			);
			runOnlyForDeploymentPostprocessing = 0;
		};
		BA258AB024A6103F007A9CFA /* Sources */ = {
			isa = PBXSourcesBuildPhase;
			buildActionMask = 2147483647;
			files = (
				BA258AB724A6103F007A9CFA /* queue.cpp in Sources */,
			);
			runOnlyForDeploymentPostprocessing = 0;
		};
		BA258ABB24A61047007A9CFA /* Sources */ = {
			isa = PBXSourcesBuildPhase;
			buildActionMask = 2147483647;
			files = (
				BA258AD424A6118E007A9CFA /* tree.cpp in Sources */,
			);
			runOnlyForDeploymentPostprocessing = 0;
		};
		BA258AC624A61052007A9CFA /* Sources */ = {
			isa = PBXSourcesBuildPhase;
			buildActionMask = 2147483647;
			files = (
				BA258AD224A61180007A9CFA /* set.cpp in Sources */,
			);
			runOnlyForDeploymentPostprocessing = 0;
		};
		BA5270A424A7461F00E23535 /* Sources */ = {
			isa = PBXSourcesBuildPhase;
			buildActionMask = 2147483647;
			files = (
				BA5270B724A7754600E23535 /* time.cpp in Sources */,
				BA5270AB24A7461F00E23535 /* main.cpp in Sources */,
				BA5270B124A7464900E23535 /* data_type.cpp in Sources */,
				BA5270B424A75B8A00E23535 /* func.cpp in Sources */,
			);
			runOnlyForDeploymentPostprocessing = 0;
		};
/* End PBXSourcesBuildPhase section */

/* Begin XCBuildConfiguration section */
		BA258A8A24A60F8A007A9CFA /* Debug */ = {
			isa = XCBuildConfiguration;
			buildSettings = {
				ALWAYS_SEARCH_USER_PATHS = NO;
				CLANG_ANALYZER_NONNULL = YES;
				CLANG_ANALYZER_NUMBER_OBJECT_CONVERSION = YES_AGGRESSIVE;
				CLANG_CXX_LANGUAGE_STANDARD = "gnu++14";
				CLANG_CXX_LIBRARY = "libc++";
				CLANG_ENABLE_MODULES = YES;
				CLANG_ENABLE_OBJC_ARC = YES;
				CLANG_ENABLE_OBJC_WEAK = YES;
				CLANG_WARN_BLOCK_CAPTURE_AUTORELEASING = YES;
				CLANG_WARN_BOOL_CONVERSION = YES;
				CLANG_WARN_COMMA = YES;
				CLANG_WARN_CONSTANT_CONVERSION = YES;
				CLANG_WARN_DEPRECATED_OBJC_IMPLEMENTATIONS = YES;
				CLANG_WARN_DIRECT_OBJC_ISA_USAGE = YES_ERROR;
				CLANG_WARN_DOCUMENTATION_COMMENTS = YES;
				CLANG_WARN_EMPTY_BODY = YES;
				CLANG_WARN_ENUM_CONVERSION = YES;
				CLANG_WARN_INFINITE_RECURSION = YES;
				CLANG_WARN_INT_CONVERSION = YES;
				CLANG_WARN_NON_LITERAL_NULL_CONVERSION = YES;
				CLANG_WARN_OBJC_IMPLICIT_RETAIN_SELF = YES;
				CLANG_WARN_OBJC_LITERAL_CONVERSION = YES;
				CLANG_WARN_OBJC_ROOT_CLASS = YES_ERROR;
				CLANG_WARN_RANGE_LOOP_ANALYSIS = YES;
				CLANG_WARN_STRICT_PROTOTYPES = YES;
				CLANG_WARN_SUSPICIOUS_MOVE = YES;
				CLANG_WARN_UNGUARDED_AVAILABILITY = YES_AGGRESSIVE;
				CLANG_WARN_UNREACHABLE_CODE = YES;
				CLANG_WARN__DUPLICATE_METHOD_MATCH = YES;
				COPY_PHASE_STRIP = NO;
				DEBUG_INFORMATION_FORMAT = dwarf;
				ENABLE_STRICT_OBJC_MSGSEND = YES;
				ENABLE_TESTABILITY = YES;
				GCC_C_LANGUAGE_STANDARD = gnu11;
				GCC_DYNAMIC_NO_PIC = NO;
				GCC_NO_COMMON_BLOCKS = YES;
				GCC_OPTIMIZATION_LEVEL = 0;
				GCC_PREPROCESSOR_DEFINITIONS = (
					"DEBUG=1",
					"$(inherited)",
				);
				GCC_WARN_64_TO_32_BIT_CONVERSION = YES;
				GCC_WARN_ABOUT_RETURN_TYPE = YES_ERROR;
				GCC_WARN_UNDECLARED_SELECTOR = YES;
				GCC_WARN_UNINITIALIZED_AUTOS = YES_AGGRESSIVE;
				GCC_WARN_UNUSED_FUNCTION = YES;
				GCC_WARN_UNUSED_VARIABLE = YES;
				MACOSX_DEPLOYMENT_TARGET = 10.15;
				MTL_ENABLE_DEBUG_INFO = INCLUDE_SOURCE;
				MTL_FAST_MATH = YES;
				ONLY_ACTIVE_ARCH = YES;
				SDKROOT = macosx;
			};
			name = Debug;
		};
		BA258A8B24A60F8A007A9CFA /* Release */ = {
			isa = XCBuildConfiguration;
			buildSettings = {
				ALWAYS_SEARCH_USER_PATHS = NO;
				CLANG_ANALYZER_NONNULL = YES;
				CLANG_ANALYZER_NUMBER_OBJECT_CONVERSION = YES_AGGRESSIVE;
				CLANG_CXX_LANGUAGE_STANDARD = "gnu++14";
				CLANG_CXX_LIBRARY = "libc++";
				CLANG_ENABLE_MODULES = YES;
				CLANG_ENABLE_OBJC_ARC = YES;
				CLANG_ENABLE_OBJC_WEAK = YES;
				CLANG_WARN_BLOCK_CAPTURE_AUTORELEASING = YES;
				CLANG_WARN_BOOL_CONVERSION = YES;
				CLANG_WARN_COMMA = YES;
				CLANG_WARN_CONSTANT_CONVERSION = YES;
				CLANG_WARN_DEPRECATED_OBJC_IMPLEMENTATIONS = YES;
				CLANG_WARN_DIRECT_OBJC_ISA_USAGE = YES_ERROR;
				CLANG_WARN_DOCUMENTATION_COMMENTS = YES;
				CLANG_WARN_EMPTY_BODY = YES;
				CLANG_WARN_ENUM_CONVERSION = YES;
				CLANG_WARN_INFINITE_RECURSION = YES;
				CLANG_WARN_INT_CONVERSION = YES;
				CLANG_WARN_NON_LITERAL_NULL_CONVERSION = YES;
				CLANG_WARN_OBJC_IMPLICIT_RETAIN_SELF = YES;
				CLANG_WARN_OBJC_LITERAL_CONVERSION = YES;
				CLANG_WARN_OBJC_ROOT_CLASS = YES_ERROR;
				CLANG_WARN_RANGE_LOOP_ANALYSIS = YES;
				CLANG_WARN_STRICT_PROTOTYPES = YES;
				CLANG_WARN_SUSPICIOUS_MOVE = YES;
				CLANG_WARN_UNGUARDED_AVAILABILITY = YES_AGGRESSIVE;
				CLANG_WARN_UNREACHABLE_CODE = YES;
				CLANG_WARN__DUPLICATE_METHOD_MATCH = YES;
				COPY_PHASE_STRIP = NO;
				DEBUG_INFORMATION_FORMAT = "dwarf-with-dsym";
				ENABLE_NS_ASSERTIONS = NO;
				ENABLE_STRICT_OBJC_MSGSEND = YES;
				GCC_C_LANGUAGE_STANDARD = gnu11;
				GCC_NO_COMMON_BLOCKS = YES;
				GCC_WARN_64_TO_32_BIT_CONVERSION = YES;
				GCC_WARN_ABOUT_RETURN_TYPE = YES_ERROR;
				GCC_WARN_UNDECLARED_SELECTOR = YES;
				GCC_WARN_UNINITIALIZED_AUTOS = YES_AGGRESSIVE;
				GCC_WARN_UNUSED_FUNCTION = YES;
				GCC_WARN_UNUSED_VARIABLE = YES;
				MACOSX_DEPLOYMENT_TARGET = 10.15;
				MTL_ENABLE_DEBUG_INFO = NO;
				MTL_FAST_MATH = YES;
				SDKROOT = macosx;
			};
			name = Release;
		};
		BA258AAE24A61027007A9CFA /* Debug */ = {
			isa = XCBuildConfiguration;
			buildSettings = {
				CODE_SIGN_STYLE = Automatic;
				DEVELOPMENT_TEAM = UCV2M63J4K;
				ENABLE_HARDENED_RUNTIME = YES;
				PRODUCT_NAME = "$(TARGET_NAME)";
			};
			name = Debug;
		};
		BA258AAF24A61027007A9CFA /* Release */ = {
			isa = XCBuildConfiguration;
			buildSettings = {
				CODE_SIGN_STYLE = Automatic;
				DEVELOPMENT_TEAM = UCV2M63J4K;
				ENABLE_HARDENED_RUNTIME = YES;
				PRODUCT_NAME = "$(TARGET_NAME)";
			};
			name = Release;
		};
		BA258AB924A6103F007A9CFA /* Debug */ = {
			isa = XCBuildConfiguration;
			buildSettings = {
				CODE_SIGN_STYLE = Automatic;
				DEVELOPMENT_TEAM = UCV2M63J4K;
				ENABLE_HARDENED_RUNTIME = YES;
				PRODUCT_NAME = "$(TARGET_NAME)";
			};
			name = Debug;
		};
		BA258ABA24A6103F007A9CFA /* Release */ = {
			isa = XCBuildConfiguration;
			buildSettings = {
				CODE_SIGN_STYLE = Automatic;
				DEVELOPMENT_TEAM = UCV2M63J4K;
				ENABLE_HARDENED_RUNTIME = YES;
				PRODUCT_NAME = "$(TARGET_NAME)";
			};
			name = Release;
		};
		BA258AC424A61047007A9CFA /* Debug */ = {
			isa = XCBuildConfiguration;
			buildSettings = {
				CODE_SIGN_STYLE = Automatic;
				DEVELOPMENT_TEAM = UCV2M63J4K;
				ENABLE_HARDENED_RUNTIME = YES;
				PRODUCT_NAME = "$(TARGET_NAME)";
			};
			name = Debug;
		};
		BA258AC524A61047007A9CFA /* Release */ = {
			isa = XCBuildConfiguration;
			buildSettings = {
				CODE_SIGN_STYLE = Automatic;
				DEVELOPMENT_TEAM = UCV2M63J4K;
				ENABLE_HARDENED_RUNTIME = YES;
				PRODUCT_NAME = "$(TARGET_NAME)";
			};
			name = Release;
		};
		BA258ACF24A61052007A9CFA /* Debug */ = {
			isa = XCBuildConfiguration;
			buildSettings = {
				CODE_SIGN_STYLE = Automatic;
				DEVELOPMENT_TEAM = UCV2M63J4K;
				ENABLE_HARDENED_RUNTIME = YES;
				PRODUCT_NAME = "$(TARGET_NAME)";
			};
			name = Debug;
		};
		BA258AD024A61052007A9CFA /* Release */ = {
			isa = XCBuildConfiguration;
			buildSettings = {
				CODE_SIGN_STYLE = Automatic;
				DEVELOPMENT_TEAM = UCV2M63J4K;
				ENABLE_HARDENED_RUNTIME = YES;
				PRODUCT_NAME = "$(TARGET_NAME)";
			};
			name = Release;
		};
		BA5270AC24A7461F00E23535 /* Debug */ = {
			isa = XCBuildConfiguration;
			buildSettings = {
				CODE_SIGN_STYLE = Automatic;
				DEVELOPMENT_TEAM = UCV2M63J4K;
				ENABLE_HARDENED_RUNTIME = YES;
				PRODUCT_NAME = "$(TARGET_NAME)";
			};
			name = Debug;
		};
		BA5270AD24A7461F00E23535 /* Release */ = {
			isa = XCBuildConfiguration;
			buildSettings = {
				CODE_SIGN_STYLE = Automatic;
				DEVELOPMENT_TEAM = UCV2M63J4K;
				ENABLE_HARDENED_RUNTIME = YES;
				PRODUCT_NAME = "$(TARGET_NAME)";
			};
			name = Release;
		};
/* End XCBuildConfiguration section */

/* Begin XCConfigurationList section */
		BA258A8024A60F8A007A9CFA /* Build configuration list for PBXProject "weeks" */ = {
			isa = XCConfigurationList;
			buildConfigurations = (
				BA258A8A24A60F8A007A9CFA /* Debug */,
				BA258A8B24A60F8A007A9CFA /* Release */,
			);
			defaultConfigurationIsVisible = 0;
			defaultConfigurationName = Release;
		};
		BA258AAD24A61027007A9CFA /* Build configuration list for PBXNativeTarget "week1.1" */ = {
			isa = XCConfigurationList;
			buildConfigurations = (
				BA258AAE24A61027007A9CFA /* Debug */,
				BA258AAF24A61027007A9CFA /* Release */,
			);
			defaultConfigurationIsVisible = 0;
			defaultConfigurationName = Release;
		};
		BA258AB824A6103F007A9CFA /* Build configuration list for PBXNativeTarget "week1.2" */ = {
			isa = XCConfigurationList;
			buildConfigurations = (
				BA258AB924A6103F007A9CFA /* Debug */,
				BA258ABA24A6103F007A9CFA /* Release */,
			);
			defaultConfigurationIsVisible = 0;
			defaultConfigurationName = Release;
		};
		BA258AC324A61047007A9CFA /* Build configuration list for PBXNativeTarget "week1.3" */ = {
			isa = XCConfigurationList;
			buildConfigurations = (
				BA258AC424A61047007A9CFA /* Debug */,
				BA258AC524A61047007A9CFA /* Release */,
			);
			defaultConfigurationIsVisible = 0;
			defaultConfigurationName = Release;
		};
		BA258ACE24A61052007A9CFA /* Build configuration list for PBXNativeTarget "week1.4数字盒子" */ = {
			isa = XCConfigurationList;
			buildConfigurations = (
				BA258ACF24A61052007A9CFA /* Debug */,
				BA258AD024A61052007A9CFA /* Release */,
			);
			defaultConfigurationIsVisible = 0;
			defaultConfigurationName = Release;
		};
		BA5270AE24A7461F00E23535 /* Build configuration list for PBXNativeTarget "test" */ = {
			isa = XCConfigurationList;
			buildConfigurations = (
				BA5270AC24A7461F00E23535 /* Debug */,
				BA5270AD24A7461F00E23535 /* Release */,
			);
			defaultConfigurationIsVisible = 0;
			defaultConfigurationName = Release;
		};
/* End XCConfigurationList section */
	};
	rootObject = BA258A7D24A60F8A007A9CFA /* Project object */;
}
